// !$*UTF8*$!
{
	archiveVersion = 1;
	classes = {
	};
	objectVersion = 48;
	objects = {

/* Begin PBXBuildFile section */
		AA9B9F7C2045038100133A54 /* AppDelegate.swift in Sources */ = {isa = PBXBuildFile; fileRef = AA9B9F7B2045038100133A54 /* AppDelegate.swift */; };
		AA9B9F7E2045038100133A54 /* ViewController.swift in Sources */ = {isa = PBXBuildFile; fileRef = AA9B9F7D2045038100133A54 /* ViewController.swift */; };
		AA9B9F812045038100133A54 /* Main.storyboard in Resources */ = {isa = PBXBuildFile; fileRef = AA9B9F7F2045038100133A54 /* Main.storyboard */; };
		AA9B9F832045038100133A54 /* Assets.xcassets in Resources */ = {isa = PBXBuildFile; fileRef = AA9B9F822045038100133A54 /* Assets.xcassets */; };
		AA9B9F862045038100133A54 /* LaunchScreen.storyboard in Resources */ = {isa = PBXBuildFile; fileRef = AA9B9F842045038100133A54 /* LaunchScreen.storyboard */; };
		AA9B9F912045038100133A54 /* YWChatTests.swift in Sources */ = {isa = PBXBuildFile; fileRef = AA9B9F902045038100133A54 /* YWChatTests.swift */; };
		AA9B9F9C2045038100133A54 /* YWChatUITests.swift in Sources */ = {isa = PBXBuildFile; fileRef = AA9B9F9B2045038100133A54 /* YWChatUITests.swift */; };
/* End PBXBuildFile section */

/* Begin PBXContainerItemProxy section */
		AA9B9F8D2045038100133A54 /* PBXContainerItemProxy */ = {
			isa = PBXContainerItemProxy;
			containerPortal = AA9B9F702045038100133A54 /* Project object */;
			proxyType = 1;
			remoteGlobalIDString = AA9B9F772045038100133A54;
			remoteInfo = YWChat;
		};
		AA9B9F982045038100133A54 /* PBXContainerItemProxy */ = {
			isa = PBXContainerItemProxy;
			containerPortal = AA9B9F702045038100133A54 /* Project object */;
			proxyType = 1;
			remoteGlobalIDString = AA9B9F772045038100133A54;
			remoteInfo = YWChat;
		};
/* End PBXContainerItemProxy section */

/* Begin PBXFileReference section */
		AA9B9F782045038100133A54 /* YWChat.app */ = {isa = PBXFileReference; explicitFileType = wrapper.application; includeInIndex = 0; path = YWChat.app; sourceTree = BUILT_PRODUCTS_DIR; };
		AA9B9F7B2045038100133A54 /* AppDelegate.swift */ = {isa = PBXFileReference; lastKnownFileType = sourcecode.swift; path = AppDelegate.swift; sourceTree = "<group>"; };
		AA9B9F7D2045038100133A54 /* ViewController.swift */ = {isa = PBXFileReference; lastKnownFileType = sourcecode.swift; path = ViewController.swift; sourceTree = "<group>"; };
		AA9B9F802045038100133A54 /* Base */ = {isa = PBXFileReference; lastKnownFileType = file.storyboard; name = Base; path = Base.lproj/Main.storyboard; sourceTree = "<group>"; };
		AA9B9F822045038100133A54 /* Assets.xcassets */ = {isa = PBXFileReference; lastKnownFileType = folder.assetcatalog; path = Assets.xcassets; sourceTree = "<group>"; };
		AA9B9F852045038100133A54 /* Base */ = {isa = PBXFileReference; lastKnownFileType = file.storyboard; name = Base; path = Base.lproj/LaunchScreen.storyboard; sourceTree = "<group>"; };
		AA9B9F872045038100133A54 /* Info.plist */ = {isa = PBXFileReference; lastKnownFileType = text.plist.xml; path = Info.plist; sourceTree = "<group>"; };
		AA9B9F8C2045038100133A54 /* YWChatTests.xctest */ = {isa = PBXFileReference; explicitFileType = wrapper.cfbundle; includeInIndex = 0; path = YWChatTests.xctest; sourceTree = BUILT_PRODUCTS_DIR; };
		AA9B9F902045038100133A54 /* YWChatTests.swift */ = {isa = PBXFileReference; lastKnownFileType = sourcecode.swift; path = YWChatTests.swift; sourceTree = "<group>"; };
		AA9B9F922045038100133A54 /* Info.plist */ = {isa = PBXFileReference; lastKnownFileType = text.plist.xml; path = Info.plist; sourceTree = "<group>"; };
		AA9B9F972045038100133A54 /* YWChatUITests.xctest */ = {isa = PBXFileReference; explicitFileType = wrapper.cfbundle; includeInIndex = 0; path = YWChatUITests.xctest; sourceTree = BUILT_PRODUCTS_DIR; };
		AA9B9F9B2045038100133A54 /* YWChatUITests.swift */ = {isa = PBXFileReference; lastKnownFileType = sourcecode.swift; path = YWChatUITests.swift; sourceTree = "<group>"; };
		AA9B9F9D2045038100133A54 /* Info.plist */ = {isa = PBXFileReference; lastKnownFileType = text.plist.xml; path = Info.plist; sourceTree = "<group>"; };
/* End PBXFileReference section */

/* Begin PBXFrameworksBuildPhase section */
		AA9B9F752045038100133A54 /* Frameworks */ = {
			isa = PBXFrameworksBuildPhase;
			buildActionMask = 2147483647;
			files = (
			);
			runOnlyForDeploymentPostprocessing = 0;
		};
		AA9B9F892045038100133A54 /* Frameworks */ = {
			isa = PBXFrameworksBuildPhase;
			buildActionMask = 2147483647;
			files = (
			);
			runOnlyForDeploymentPostprocessing = 0;
		};
		AA9B9F942045038100133A54 /* Frameworks */ = {
			isa = PBXFrameworksBuildPhase;
			buildActionMask = 2147483647;
			files = (
			);
			runOnlyForDeploymentPostprocessing = 0;
		};
/* End PBXFrameworksBuildPhase section */

/* Begin PBXGroup section */
		AA9B9F6F2045038100133A54 = {
			isa = PBXGroup;
			children = (
				AA9B9F7A2045038100133A54 /* YWChat */,
				AA9B9F8F2045038100133A54 /* YWChatTests */,
				AA9B9F9A2045038100133A54 /* YWChatUITests */,
				AA9B9F792045038100133A54 /* Products */,
			);
			sourceTree = "<group>";
		};
		AA9B9F792045038100133A54 /* Products */ = {
			isa = PBXGroup;
			children = (
				AA9B9F782045038100133A54 /* YWChat.app */,
				AA9B9F8C2045038100133A54 /* YWChatTests.xctest */,
				AA9B9F972045038100133A54 /* YWChatUITests.xctest */,
			);
			name = Products;
			sourceTree = "<group>";
		};
		AA9B9F7A2045038100133A54 /* YWChat */ = {
			isa = PBXGroup;
			children = (
				AA9B9F7B2045038100133A54 /* AppDelegate.swift */,
				AA9B9F7D2045038100133A54 /* ViewController.swift */,
				AA9B9F7F2045038100133A54 /* Main.storyboard */,
				AA9B9F822045038100133A54 /* Assets.xcassets */,
				AA9B9F842045038100133A54 /* LaunchScreen.storyboard */,
				AA9B9F872045038100133A54 /* Info.plist */,
			);
			path = YWChat;
			sourceTree = "<group>";
		};
		AA9B9F8F2045038100133A54 /* YWChatTests */ = {
			isa = PBXGroup;
			children = (
				AA9B9F902045038100133A54 /* YWChatTests.swift */,
				AA9B9F922045038100133A54 /* Info.plist */,
			);
			path = YWChatTests;
			sourceTree = "<group>";
		};
		AA9B9F9A2045038100133A54 /* YWChatUITests */ = {
			isa = PBXGroup;
			children = (
				AA9B9F9B2045038100133A54 /* YWChatUITests.swift */,
				AA9B9F9D2045038100133A54 /* Info.plist */,
			);
			path = YWChatUITests;
			sourceTree = "<group>";
		};
/* End PBXGroup section */

/* Begin PBXNativeTarget section */
		AA9B9F772045038100133A54 /* YWChat */ = {
			isa = PBXNativeTarget;
			buildConfigurationList = AA9B9FA02045038100133A54 /* Build configuration list for PBXNativeTarget "YWChat" */;
			buildPhases = (
				AA9B9F742045038100133A54 /* Sources */,
				AA9B9F752045038100133A54 /* Frameworks */,
				AA9B9F762045038100133A54 /* Resources */,
			);
			buildRules = (
			);
			dependencies = (
			);
			name = YWChat;
			productName = YWChat;
			productReference = AA9B9F782045038100133A54 /* YWChat.app */;
			productType = "com.apple.product-type.application";
		};
		AA9B9F8B2045038100133A54 /* YWChatTests */ = {
			isa = PBXNativeTarget;
			buildConfigurationList = AA9B9FA32045038100133A54 /* Build configuration list for PBXNativeTarget "YWChatTests" */;
			buildPhases = (
				AA9B9F882045038100133A54 /* Sources */,
				AA9B9F892045038100133A54 /* Frameworks */,
				AA9B9F8A2045038100133A54 /* Resources */,
			);
			buildRules = (
			);
			dependencies = (
				AA9B9F8E2045038100133A54 /* PBXTargetDependency */,
			);
			name = YWChatTests;
			productName = YWChatTests;
			productReference = AA9B9F8C2045038100133A54 /* YWChatTests.xctest */;
			productType = "com.apple.product-type.bundle.unit-test";
		};
		AA9B9F962045038100133A54 /* YWChatUITests */ = {
			isa = PBXNativeTarget;
			buildConfigurationList = AA9B9FA62045038100133A54 /* Build configuration list for PBXNativeTarget "YWChatUITests" */;
			buildPhases = (
				AA9B9F932045038100133A54 /* Sources */,
				AA9B9F942045038100133A54 /* Frameworks */,
				AA9B9F952045038100133A54 /* Resources */,
			);
			buildRules = (
			);
			dependencies = (
				AA9B9F992045038100133A54 /* PBXTargetDependency */,
			);
			name = YWChatUITests;
			productName = YWChatUITests;
			productReference = AA9B9F972045038100133A54 /* YWChatUITests.xctest */;
			productType = "com.apple.product-type.bundle.ui-testing";
		};
/* End PBXNativeTarget section */

/* Begin PBXProject section */
		AA9B9F702045038100133A54 /* Project object */ = {
			isa = PBXProject;
			attributes = {
				LastSwiftUpdateCheck = 0920;
				LastUpgradeCheck = 0920;
				ORGANIZATIONNAME = Jake;
				TargetAttributes = {
					AA9B9F772045038100133A54 = {
						CreatedOnToolsVersion = 9.2;
						ProvisioningStyle = Automatic;
					};
					AA9B9F8B2045038100133A54 = {
						CreatedOnToolsVersion = 9.2;
						ProvisioningStyle = Automatic;
						TestTargetID = AA9B9F772045038100133A54;
					};
					AA9B9F962045038100133A54 = {
						CreatedOnToolsVersion = 9.2;
						ProvisioningStyle = Automatic;
						TestTargetID = AA9B9F772045038100133A54;
					};
				};
			};
			buildConfigurationList = AA9B9F732045038100133A54 /* Build configuration list for PBXProject "YWChat" */;
			compatibilityVersion = "Xcode 8.0";
			developmentRegion = en;
			hasScannedForEncodings = 0;
			knownRegions = (
				en,
				Base,
			);
			mainGroup = AA9B9F6F2045038100133A54;
			productRefGroup = AA9B9F792045038100133A54 /* Products */;
			projectDirPath = "";
			projectRoot = "";
			targets = (
				AA9B9F772045038100133A54 /* YWChat */,
				AA9B9F8B2045038100133A54 /* YWChatTests */,
				AA9B9F962045038100133A54 /* YWChatUITests */,
			);
		};
/* End PBXProject section */

/* Begin PBXResourcesBuildPhase section */
		AA9B9F762045038100133A54 /* Resources */ = {
			isa = PBXResourcesBuildPhase;
			buildActionMask = 2147483647;
			files = (
				AA9B9F862045038100133A54 /* LaunchScreen.storyboard in Resources */,
				AA9B9F832045038100133A54 /* Assets.xcassets in Resources */,
				AA9B9F812045038100133A54 /* Main.storyboard in Resources */,
			);
			runOnlyForDeploymentPostprocessing = 0;
		};
		AA9B9F8A2045038100133A54 /* Resources */ = {
			isa = PBXResourcesBuildPhase;
			buildActionMask = 2147483647;
			files = (
			);
			runOnlyForDeploymentPostprocessing = 0;
		};
		AA9B9F952045038100133A54 /* Resources */ = {
			isa = PBXResourcesBuildPhase;
			buildActionMask = 2147483647;
			files = (
			);
			runOnlyForDeploymentPostprocessing = 0;
		};
/* End PBXResourcesBuildPhase section */

/* Begin PBXSourcesBuildPhase section */
		AA9B9F742045038100133A54 /* Sources */ = {
			isa = PBXSourcesBuildPhase;
			buildActionMask = 2147483647;
			files = (
				AA9B9F7E2045038100133A54 /* ViewController.swift in Sources */,
				AA9B9F7C2045038100133A54 /* AppDelegate.swift in Sources */,
			);
			runOnlyForDeploymentPostprocessing = 0;
		};
		AA9B9F882045038100133A54 /* Sources */ = {
			isa = PBXSourcesBuildPhase;
			buildActionMask = 2147483647;
			files = (
				AA9B9F912045038100133A54 /* YWChatTests.swift in Sources */,
			);
			runOnlyForDeploymentPostprocessing = 0;
		};
		AA9B9F932045038100133A54 /* Sources */ = {
			isa = PBXSourcesBuildPhase;
			buildActionMask = 2147483647;
			files = (
				AA9B9F9C2045038100133A54 /* YWChatUITests.swift in Sources */,
			);
			runOnlyForDeploymentPostprocessing = 0;
		};
/* End PBXSourcesBuildPhase section */

/* Begin PBXTargetDependency section */
		AA9B9F8E2045038100133A54 /* PBXTargetDependency */ = {
			isa = PBXTargetDependency;
			target = AA9B9F772045038100133A54 /* YWChat */;
			targetProxy = AA9B9F8D2045038100133A54 /* PBXContainerItemProxy */;
		};
		AA9B9F992045038100133A54 /* PBXTargetDependency */ = {
			isa = PBXTargetDependency;
			target = AA9B9F772045038100133A54 /* YWChat */;
			targetProxy = AA9B9F982045038100133A54 /* PBXContainerItemProxy */;
		};
/* End PBXTargetDependency section */

/* Begin PBXVariantGroup section */
		AA9B9F7F2045038100133A54 /* Main.storyboard */ = {
			isa = PBXVariantGroup;
			children = (
				AA9B9F802045038100133A54 /* Base */,
			);
			name = Main.storyboard;
			sourceTree = "<group>";
		};
		AA9B9F842045038100133A54 /* LaunchScreen.storyboard */ = {
			isa = PBXVariantGroup;
			children = (
				AA9B9F852045038100133A54 /* Base */,
			);
			name = LaunchScreen.storyboard;
			sourceTree = "<group>";
		};
/* End PBXVariantGroup section */

/* Begin XCBuildConfiguration section */
		AA9B9F9E2045038100133A54 /* Debug */ = {
			isa = XCBuildConfiguration;
			buildSettings = {
				ALWAYS_SEARCH_USER_PATHS = NO;
				CLANG_ANALYZER_NONNULL = YES;
				CLANG_ANALYZER_NUMBER_OBJECT_CONVERSION = YES_AGGRESSIVE;
				CLANG_CXX_LANGUAGE_STANDARD = "gnu++14";
				CLANG_CXX_LIBRARY = "libc++";
				CLANG_ENABLE_MODULES = YES;
				CLANG_ENABLE_OBJC_ARC = YES;
				CLANG_WARN_BLOCK_CAPTURE_AUTORELEASING = YES;
				CLANG_WARN_BOOL_CONVERSION = YES;
				CLANG_WARN_COMMA = YES;
				CLANG_WARN_CONSTANT_CONVERSION = YES;
				CLANG_WARN_DIRECT_OBJC_ISA_USAGE = YES_ERROR;
				CLANG_WARN_DOCUMENTATION_COMMENTS = YES;
				CLANG_WARN_EMPTY_BODY = YES;
				CLANG_WARN_ENUM_CONVERSION = YES;
				CLANG_WARN_INFINITE_RECURSION = YES;
				CLANG_WARN_INT_CONVERSION = YES;
				CLANG_WARN_NON_LITERAL_NULL_CONVERSION = YES;
				CLANG_WARN_OBJC_LITERAL_CONVERSION = YES;
				CLANG_WARN_OBJC_ROOT_CLASS = YES_ERROR;
				CLANG_WARN_RANGE_LOOP_ANALYSIS = YES;
				CLANG_WARN_STRICT_PROTOTYPES = YES;
				CLANG_WARN_SUSPICIOUS_MOVE = YES;
				CLANG_WARN_UNGUARDED_AVAILABILITY = YES_AGGRESSIVE;
				CLANG_WARN_UNREACHABLE_CODE = YES;
				CLANG_WARN__DUPLICATE_METHOD_MATCH = YES;
				CODE_SIGN_IDENTITY = "iPhone Developer";
				COPY_PHASE_STRIP = NO;
				DEBUG_INFORMATION_FORMAT = dwarf;
				ENABLE_STRICT_OBJC_MSGSEND = YES;
				ENABLE_TESTABILITY = YES;
				GCC_C_LANGUAGE_STANDARD = gnu11;
				GCC_DYNAMIC_NO_PIC = NO;
				GCC_NO_COMMON_BLOCKS = YES;
				GCC_OPTIMIZATION_LEVEL = 0;
				GCC_PREPROCESSOR_DEFINITIONS = (
					"DEBUG=1",
					"$(inherited)",
				);
				GCC_WARN_64_TO_32_BIT_CONVERSION = YES;
				GCC_WARN_ABOUT_RETURN_TYPE = YES_ERROR;
				GCC_WARN_UNDECLARED_SELECTOR = YES;
				GCC_WARN_UNINITIALIZED_AUTOS = YES_AGGRESSIVE;
				GCC_WARN_UNUSED_FUNCTION = YES;
				GCC_WARN_UNUSED_VARIABLE = YES;
				IPHONEOS_DEPLOYMENT_TARGET = 11.2;
				MTL_ENABLE_DEBUG_INFO = YES;
				ONLY_ACTIVE_ARCH = YES;
				SDKROOT = iphoneos;
				SWIFT_ACTIVE_COMPILATION_CONDITIONS = DEBUG;
				SWIFT_OPTIMIZATION_LEVEL = "-Onone";
			};
			name = Debug;
		};
		AA9B9F9F2045038100133A54 /* Release */ = {
			isa = XCBuildConfiguration;
			buildSettings = {
				ALWAYS_SEARCH_USER_PATHS = NO;
				CLANG_ANALYZER_NONNULL = YES;
				CLANG_ANALYZER_NUMBER_OBJECT_CONVERSION = YES_AGGRESSIVE;
				CLANG_CXX_LANGUAGE_STANDARD = "gnu++14";
				CLANG_CXX_LIBRARY = "libc++";
				CLANG_ENABLE_MODULES = YES;
				CLANG_ENABLE_OBJC_ARC = YES;
				CLANG_WARN_BLOCK_CAPTURE_AUTORELEASING = YES;
				CLANG_WARN_BOOL_CONVERSION = YES;
				CLANG_WARN_COMMA = YES;
				CLANG_WARN_CONSTANT_CONVERSION = YES;
				CLANG_WARN_DIRECT_OBJC_ISA_USAGE = YES_ERROR;
				CLANG_WARN_DOCUMENTATION_COMMENTS = YES;
				CLANG_WARN_EMPTY_BODY = YES;
				CLANG_WARN_ENUM_CONVERSION = YES;
				CLANG_WARN_INFINITE_RECURSION = YES;
				CLANG_WARN_INT_CONVERSION = YES;
				CLANG_WARN_NON_LITERAL_NULL_CONVERSION = YES;
				CLANG_WARN_OBJC_LITERAL_CONVERSION = YES;
				CLANG_WARN_OBJC_ROOT_CLASS = YES_ERROR;
				CLANG_WARN_RANGE_LOOP_ANALYSIS = YES;
				CLANG_WARN_STRICT_PROTOTYPES = YES;
				CLANG_WARN_SUSPICIOUS_MOVE = YES;
				CLANG_WARN_UNGUARDED_AVAILABILITY = YES_AGGRESSIVE;
				CLANG_WARN_UNREACHABLE_CODE = YES;
				CLANG_WARN__DUPLICATE_METHOD_MATCH = YES;
				CODE_SIGN_IDENTITY = "iPhone Developer";
				COPY_PHASE_STRIP = NO;
				DEBUG_INFORMATION_FORMAT = "dwarf-with-dsym";
				ENABLE_NS_ASSERTIONS = NO;
				ENABLE_STRICT_OBJC_MSGSEND = YES;
				GCC_C_LANGUAGE_STANDARD = gnu11;
				GCC_NO_COMMON_BLOCKS = YES;
				GCC_WARN_64_TO_32_BIT_CONVERSION = YES;
				GCC_WARN_ABOUT_RETURN_TYPE = YES_ERROR;
				GCC_WARN_UNDECLARED_SELECTOR = YES;
				GCC_WARN_UNINITIALIZED_AUTOS = YES_AGGRESSIVE;
				GCC_WARN_UNUSED_FUNCTION = YES;
				GCC_WARN_UNUSED_VARIABLE = YES;
				IPHONEOS_DEPLOYMENT_TARGET = 11.2;
				MTL_ENABLE_DEBUG_INFO = NO;
				SDKROOT = iphoneos;
				SWIFT_OPTIMIZATION_LEVEL = "-Owholemodule";
				VALIDATE_PRODUCT = YES;
			};
			name = Release;
		};
		AA9B9FA12045038100133A54 /* Debug */ = {
			isa = XCBuildConfiguration;
			buildSettings = {
				ASSETCATALOG_COMPILER_APPICON_NAME = AppIcon;
				CODE_SIGN_STYLE = Automatic;
				DEVELOPMENT_TEAM = L2E96H9FSJ;
				INFOPLIST_FILE = YWChat/Info.plist;
				LD_RUNPATH_SEARCH_PATHS = "$(inherited) @executable_path/Frameworks";
				PRODUCT_BUNDLE_IDENTIFIER = com.ssj.www.YWChat;
				PRODUCT_NAME = "$(TARGET_NAME)";
				SWIFT_VERSION = 4.0;
				TARGETED_DEVICE_FAMILY = "1,2";
			};
			name = Debug;
		};
		AA9B9FA22045038100133A54 /* Release */ = {
			isa = XCBuildConfiguration;
			buildSettings = {
				ASSETCATALOG_COMPILER_APPICON_NAME = AppIcon;
				CODE_SIGN_STYLE = Automatic;
				DEVELOPMENT_TEAM = L2E96H9FSJ;
				INFOPLIST_FILE = YWChat/Info.plist;
				LD_RUNPATH_SEARCH_PATHS = "$(inherited) @executable_path/Frameworks";
				PRODUCT_BUNDLE_IDENTIFIER = com.ssj.www.YWChat;
				PRODUCT_NAME = "$(TARGET_NAME)";
				SWIFT_VERSION = 4.0;
				TARGETED_DEVICE_FAMILY = "1,2";
			};
			name = Release;
		};
		AA9B9FA42045038100133A54 /* Debug */ = {
			isa = XCBuildConfiguration;
			buildSettings = {
				ALWAYS_EMBED_SWIFT_STANDARD_LIBRARIES = YES;
				BUNDLE_LOADER = "$(TEST_HOST)";
				CODE_SIGN_STYLE = Automatic;
				DEVELOPMENT_TEAM = L2E96H9FSJ;
				INFOPLIST_FILE = YWChatTests/Info.plist;
				LD_RUNPATH_SEARCH_PATHS = "$(inherited) @executable_path/Frameworks @loader_path/Frameworks";
				PRODUCT_BUNDLE_IDENTIFIER = com.ssj.www.YWChatTests;
				PRODUCT_NAME = "$(TARGET_NAME)";
				SWIFT_VERSION = 4.0;
				TARGETED_DEVICE_FAMILY = "1,2";
				TEST_HOST = "$(BUILT_PRODUCTS_DIR)/YWChat.app/YWChat";
			};
			name = Debug;
		};
		AA9B9FA52045038100133A54 /* Release */ = {
			isa = XCBuildConfiguration;
			buildSettings = {
				ALWAYS_EMBED_SWIFT_STANDARD_LIBRARIES = YES;
				BUNDLE_LOADER = "$(TEST_HOST)";
				CODE_SIGN_STYLE = Automatic;
				DEVELOPMENT_TEAM = L2E96H9FSJ;
				INFOPLIST_FILE = YWChatTests/Info.plist;
				LD_RUNPATH_SEARCH_PATHS = "$(inherited) @executable_path/Frameworks @loader_path/Frameworks";
				PRODUCT_BUNDLE_IDENTIFIER = com.ssj.www.YWChatTests;
				PRODUCT_NAME = "$(TARGET_NAME)";
				SWIFT_VERSION = 4.0;
				TARGETED_DEVICE_FAMILY = "1,2";
				TEST_HOST = "$(BUILT_PRODUCTS_DIR)/YWChat.app/YWChat";
			};
			name = Release;
		};
		AA9B9FA72045038100133A54 /* Debug */ = {
			isa = XCBuildConfiguration;
			buildSettings = {
				ALWAYS_EMBED_SWIFT_STANDARD_LIBRARIES = YES;
				CODE_SIGN_STYLE = Automatic;
				DEVELOPMENT_TEAM = L2E96H9FSJ;
				INFOPLIST_FILE = YWChatUITests/Info.plist;
				LD_RUNPATH_SEARCH_PATHS = "$(inherited) @executable_path/Frameworks @loader_path/Frameworks";
				PRODUCT_BUNDLE_IDENTIFIER = com.ssj.www.YWChatUITests;
				PRODUCT_NAME = "$(TARGET_NAME)";
				SWIFT_VERSION = 4.0;
				TARGETED_DEVICE_FAMILY = "1,2";
				TEST_TARGET_NAME = YWChat;
			};
			name = Debug;
		};
		AA9B9FA82045038100133A54 /* Release */ = {
			isa = XCBuildConfiguration;
			buildSettings = {
				ALWAYS_EMBED_SWIFT_STANDARD_LIBRARIES = YES;
				CODE_SIGN_STYLE = Automatic;
				DEVELOPMENT_TEAM = L2E96H9FSJ;
				INFOPLIST_FILE = YWChatUITests/Info.plist;
				LD_RUNPATH_SEARCH_PATHS = "$(inherited) @executable_path/Frameworks @loader_path/Frameworks";
				PRODUCT_BUNDLE_IDENTIFIER = com.ssj.www.YWChatUITests;
				PRODUCT_NAME = "$(TARGET_NAME)";
				SWIFT_VERSION = 4.0;
				TARGETED_DEVICE_FAMILY = "1,2";
				TEST_TARGET_NAME = YWChat;
			};
			name = Release;
		};
/* End XCBuildConfiguration section */

/* Begin XCConfigurationList section */
		AA9B9F732045038100133A54 /* Build configuration list for PBXProject "YWChat" */ = {
			isa = XCConfigurationList;
			buildConfigurations = (
				AA9B9F9E2045038100133A54 /* Debug */,
				AA9B9F9F2045038100133A54 /* Release */,
			);
			defaultConfigurationIsVisible = 0;
			defaultConfigurationName = Release;
		};
		AA9B9FA02045038100133A54 /* Build configuration list for PBXNativeTarget "YWChat" */ = {
			isa = XCConfigurationList;
			buildConfigurations = (
				AA9B9FA12045038100133A54 /* Debug */,
				AA9B9FA22045038100133A54 /* Release */,
			);
			defaultConfigurationIsVisible = 0;
			defaultConfigurationName = Release;
		};
		AA9B9FA32045038100133A54 /* Build configuration list for PBXNativeTarget "YWChatTests" */ = {
			isa = XCConfigurationList;
			buildConfigurations = (
				AA9B9FA42045038100133A54 /* Debug */,
				AA9B9FA52045038100133A54 /* Release */,
			);
			defaultConfigurationIsVisible = 0;
			defaultConfigurationName = Release;
		};
		AA9B9FA62045038100133A54 /* Build configuration list for PBXNativeTarget "YWChatUITests" */ = {
			isa = XCConfigurationList;
			buildConfigurations = (
				AA9B9FA72045038100133A54 /* Debug */,
				AA9B9FA82045038100133A54 /* Release */,
			);
			defaultConfigurationIsVisible = 0;
			defaultConfigurationName = Release;
		};
/* End XCConfigurationList section */
	};
	rootObject = AA9B9F702045038100133A54 /* Project object */;
}
